
Microsoft Visual Studio Solution File, Format Version 12.00
# Visual Studio 15
VisualStudioVersion = 15.0.28307.168
MinimumVisualStudioVersion = 10.0.40219.1
Project("{FAE04EC0-301F-11D3-BF4B-00C04F79EFBC}") = "BasicSynthesizer", "BasicSynthesizer\BasicSynthesizer.csproj", "{550A772A-BBDF-47B6-BBB4-F636845D498C}"
EndProject
Global
	GlobalSection(SolutionConfigurationPlatforms) = preSolution
		Debug|Any CPU = Debug|Any CPU
		Release|Any CPU = Release|Any CPU
	EndGlobalSection
	GlobalSection(ProjectConfigurationPlatforms) = postSolution
		{550A772A-BBDF-47B6-BBB4-F636845D498C}.Debug|Any CPU.ActiveCfg = Debug|Any CPU
		{550A772A-BBDF-47B6-BBB4-F636845D498C}.Debug|Any CPU.Build.0 = Debug|Any CPU
		{550A772A-BBDF-47B6-BBB4-F636845D498C}.Release|Any CPU.ActiveCfg = Release|Any CPU
		{550A772A-BBDF-47B6-BBB4-F636845D498C}.Release|Any CPU.Build.0 = Release|Any CPU
	EndGlobalSection
	GlobalSection(SolutionProperties) = preSolution
		HideSolutionNode = FALSE
	EndGlobalSection
	GlobalSection(ExtensibilityGlobals) = postSolution
		SolutionGuid = {A31D3006-D1B6-419A-9EF7-FC828FB9C8E4}
	EndGlobalSection
EndGlobal
